
Microsoft Visual Studio Solution File, Format Version 12.00
# Visual Studio Version 17
VisualStudioVersion = 17.3.32825.248
MinimumVisualStudioVersion = 10.0.40219.1
Project("{FAE04EC0-301F-11D3-BF4B-00C04F79EFBC}") = "Glazki_Save_App", "Glazki_Save_App\Glazki_Save_App.csproj", "{5C7C1277-7C6F-43BF-BDF7-757052E710E6}"
EndProject
Global
	GlobalSection(SolutionConfigurationPlatforms) = preSolution
		Debug|Any CPU = Debug|Any CPU
		Release|Any CPU = Release|Any CPU
	EndGlobalSection
	GlobalSection(ProjectConfigurationPlatforms) = postSolution
		{5C7C1277-7C6F-43BF-BDF7-757052E710E6}.Debug|Any CPU.ActiveCfg = Debug|Any CPU
		{5C7C1277-7C6F-43BF-BDF7-757052E710E6}.Debug|Any CPU.Build.0 = Debug|Any CPU
		{5C7C1277-7C6F-43BF-BDF7-757052E710E6}.Release|Any CPU.ActiveCfg = Release|Any CPU
		{5C7C1277-7C6F-43BF-BDF7-757052E710E6}.Release|Any CPU.Build.0 = Release|Any CPU
	EndGlobalSection
	GlobalSection(SolutionProperties) = preSolution
		HideSolutionNode = FALSE
	EndGlobalSection
	GlobalSection(ExtensibilityGlobals) = postSolution
		SolutionGuid = {658EB48E-7BAB-4892-ABF0-1DC4D0007EB4}
	EndGlobalSection
EndGlobal
